# THIS IS AN AUTOGENERATED FILE. DO NOT EDIT THIS FILE DIRECTLY.
# yarn lockfile v1


angular-ui-event@latest:
  version "1.0.0"
  resolved "https://registry.yarnpkg.com/angular-ui-event/-/angular-ui-event-1.0.0.tgz#3ab68ca1b6d68974e4eff0f94a16a48b9bf7f023"

angular-ui-indeterminate@latest:
  version "1.0.0"
  resolved "https://registry.yarnpkg.com/angular-ui-indeterminate/-/angular-ui-indeterminate-1.0.0.tgz#51784a60eb80aee8251e9fc9ec30fbe105125514"

angular-ui-mask@latest:
  version "1.8.7"
  resolved "https://registry.yarnpkg.com/angular-ui-mask/-/angular-ui-mask-1.8.7.tgz#2935ae82345aded60e7b8c997f3902dfb8ed465b"

angular-ui-scroll@latest:
  version "1.6.1"
  resolved "https://registry.yarnpkg.com/angular-ui-scroll/-/angular-ui-scroll-1.6.1.tgz#de8f6492a6b039b98dc737b4569f70be59fb8b08"

angular-ui-scrollpoint@latest:
  version "2.1.1"
  resolved "https://registry.yarnpkg.com/angular-ui-scrollpoint/-/angular-ui-scrollpoint-2.1.1.tgz#d8a179e08e67b7d963ea8c5b25a9a41c142d6039"

angular-ui-uploader@latest:
  version "1.4.0"
  resolved "https://registry.yarnpkg.com/angular-ui-uploader/-/angular-ui-uploader-1.4.0.tgz#5006fbfc9bcd042a2459c9ba0721d5aed3360b3f"

angular-ui-validate@latest:
  version "1.2.2"
  resolved "https://registry.yarnpkg.com/angular-ui-validate/-/angular-ui-validate-1.2.2.tgz#65a595a40e6a21b7cc34db402d533011f2cc9b78"
